{
  "version": "3",
  "packages": {
    "specifiers": {
      "jsr:@core/unknownutil": "jsr:@core/unknownutil@3.18.0",
      "jsr:@core/unknownutil@3.18.0": "jsr:@core/unknownutil@3.18.0"
    },
    "jsr": {
      "@core/unknownutil@3.18.0": {
        "integrity": "bff7ab4a2f554bbade301127519523b0d3baa4273ecbed51287133ac00a48738"
      }
    }
  },
  "remote": {}
}
